
Microsoft Visual Studio Solution File, Format Version 12.00
# Visual Studio Version 17
VisualStudioVersion = 17.7.34031.279
MinimumVisualStudioVersion = 10.0.40219.1
Project("{9A19103F-16F7-4668-BE54-9A1E7A4F7556}") = "ManasMarketting", "ManasMarketting\ManasMarketting.csproj", "{205EE04E-7780-41A4-BA19-F6AE9414C6C7}"
EndProject
Project("{2150E333-8FDC-42A3-9474-1A3956D46DE8}") = "Solution Items", "Solution Items", "{21855C39-1E69-4B54-82E9-559A4749AFD3}"
	ProjectSection(SolutionItems) = preProject
		.editorconfig = .editorconfig
	EndProjectSection
EndProject
Global
	GlobalSection(SolutionConfigurationPlatforms) = preSolution
		Debug|Any CPU = Debug|Any CPU
		Release|Any CPU = Release|Any CPU
	EndGlobalSection
	GlobalSection(ProjectConfigurationPlatforms) = postSolution
		{205EE04E-7780-41A4-BA19-F6AE9414C6C7}.Debug|Any CPU.ActiveCfg = Debug|Any CPU
		{205EE04E-7780-41A4-BA19-F6AE9414C6C7}.Debug|Any CPU.Build.0 = Debug|Any CPU
		{205EE04E-7780-41A4-BA19-F6AE9414C6C7}.Release|Any CPU.ActiveCfg = Release|Any CPU
		{205EE04E-7780-41A4-BA19-F6AE9414C6C7}.Release|Any CPU.Build.0 = Release|Any CPU
	EndGlobalSection
	GlobalSection(SolutionProperties) = preSolution
		HideSolutionNode = FALSE
	EndGlobalSection
	GlobalSection(ExtensibilityGlobals) = postSolution
		SolutionGuid = {3318B3FF-C509-4020-BE92-009100075E92}
	EndGlobalSection
EndGlobal
